
Microsoft Visual Studio Solution File, Format Version 12.00
# Visual Studio Version 16
VisualStudioVersion = 16.0.34931.43
MinimumVisualStudioVersion = 10.0.40219.1
Project("{FAE04EC0-301F-11D3-BF4B-00C04F79EFBC}") = "FileStorage", "FileStorage\FileStorage.csproj", "{EA5E9935-9BEE-410E-AB5B-B4C9AA7490B9}"
EndProject
Global
	GlobalSection(SolutionConfigurationPlatforms) = preSolution
		Debug|Any CPU = Debug|Any CPU
		Release|Any CPU = Release|Any CPU
	EndGlobalSection
	GlobalSection(ProjectConfigurationPlatforms) = postSolution
		{EA5E9935-9BEE-410E-AB5B-B4C9AA7490B9}.Debug|Any CPU.ActiveCfg = Debug|Any CPU
		{EA5E9935-9BEE-410E-AB5B-B4C9AA7490B9}.Debug|Any CPU.Build.0 = Debug|Any CPU
		{EA5E9935-9BEE-410E-AB5B-B4C9AA7490B9}.Release|Any CPU.ActiveCfg = Release|Any CPU
		{EA5E9935-9BEE-410E-AB5B-B4C9AA7490B9}.Release|Any CPU.Build.0 = Release|Any CPU
	EndGlobalSection
	GlobalSection(SolutionProperties) = preSolution
		HideSolutionNode = FALSE
	EndGlobalSection
	GlobalSection(ExtensibilityGlobals) = postSolution
		SolutionGuid = {5BDFA6CC-242D-4BD0-B971-03C7C03EE04D}
	EndGlobalSection
EndGlobal
